// !$*UTF8*$!
{
	archiveVersion = 1;
	classes = {
	};
	objectVersion = 46;
	objects = {

/* Begin PBXBuildFile section */
		BEC688651AC8FC3E008D6EEC /* AppDelegate.swift in Sources */ = {isa = PBXBuildFile; fileRef = BEC688641AC8FC3E008D6EEC /* AppDelegate.swift */; };
		BEC688671AC8FC3E008D6EEC /* ViewController.swift in Sources */ = {isa = PBXBuildFile; fileRef = BEC688661AC8FC3E008D6EEC /* ViewController.swift */; };
		BEC6886A1AC8FC3E008D6EEC /* Main.storyboard in Resources */ = {isa = PBXBuildFile; fileRef = BEC688681AC8FC3E008D6EEC /* Main.storyboard */; };
		BEC6886C1AC8FC3E008D6EEC /* Images.xcassets in Resources */ = {isa = PBXBuildFile; fileRef = BEC6886B1AC8FC3E008D6EEC /* Images.xcassets */; };
		BEC6886F1AC8FC3E008D6EEC /* LaunchScreen.xib in Resources */ = {isa = PBXBuildFile; fileRef = BEC6886D1AC8FC3E008D6EEC /* LaunchScreen.xib */; };
		BEC6887B1AC8FC3E008D6EEC /* PlayThatSongTests.swift in Sources */ = {isa = PBXBuildFile; fileRef = BEC6887A1AC8FC3E008D6EEC /* PlayThatSongTests.swift */; };
		BEC6888D1AC8FC51008D6EEC /* InterfaceController.swift in Sources */ = {isa = PBXBuildFile; fileRef = BEC6888C1AC8FC51008D6EEC /* InterfaceController.swift */; };
		BEC6888F1AC8FC51008D6EEC /* Images.xcassets in Resources */ = {isa = PBXBuildFile; fileRef = BEC6888E1AC8FC51008D6EEC /* Images.xcassets */; };
		BEC688931AC8FC51008D6EEC /* PlayThatSong WatchKit App.app in Resources */ = {isa = PBXBuildFile; fileRef = BEC688921AC8FC51008D6EEC /* PlayThatSong WatchKit App.app */; };
		BEC6889B1AC8FC51008D6EEC /* Interface.storyboard in Resources */ = {isa = PBXBuildFile; fileRef = BEC688991AC8FC51008D6EEC /* Interface.storyboard */; };
		BEC6889D1AC8FC51008D6EEC /* Images.xcassets in Resources */ = {isa = PBXBuildFile; fileRef = BEC6889C1AC8FC51008D6EEC /* Images.xcassets */; };
		BEC688A01AC8FC51008D6EEC /* PlayThatSong WatchKit Extension.appex in Embed App Extensions */ = {isa = PBXBuildFile; fileRef = BEC688881AC8FC51008D6EEC /* PlayThatSong WatchKit Extension.appex */; settings = {ATTRIBUTES = (RemoveHeadersOnCopy, ); }; };
/* End PBXBuildFile section */

/* Begin PBXContainerItemProxy section */
		BEC688751AC8FC3E008D6EEC /* PBXContainerItemProxy */ = {
			isa = PBXContainerItemProxy;
			containerPortal = BEC688571AC8FC3E008D6EEC /* Project object */;
			proxyType = 1;
			remoteGlobalIDString = BEC6885E1AC8FC3E008D6EEC;
			remoteInfo = PlayThatSong;
		};
		BEC688941AC8FC51008D6EEC /* PBXContainerItemProxy */ = {
			isa = PBXContainerItemProxy;
			containerPortal = BEC688571AC8FC3E008D6EEC /* Project object */;
			proxyType = 1;
			remoteGlobalIDString = BEC688911AC8FC51008D6EEC;
			remoteInfo = "PlayThatSong WatchKit App";
		};
		BEC6889E1AC8FC51008D6EEC /* PBXContainerItemProxy */ = {
			isa = PBXContainerItemProxy;
			containerPortal = BEC688571AC8FC3E008D6EEC /* Project object */;
			proxyType = 1;
			remoteGlobalIDString = BEC688871AC8FC51008D6EEC;
			remoteInfo = "PlayThatSong WatchKit Extension";
		};
/* End PBXContainerItemProxy section */

/* Begin PBXCopyFilesBuildPhase section */
		BEC688A71AC8FC51008D6EEC /* Embed App Extensions */ = {
			isa = PBXCopyFilesBuildPhase;
			buildActionMask = 2147483647;
			dstPath = "";
			dstSubfolderSpec = 13;
			files = (
				BEC688A01AC8FC51008D6EEC /* PlayThatSong WatchKit Extension.appex in Embed App Extensions */,
			);
			name = "Embed App Extensions";
			runOnlyForDeploymentPostprocessing = 0;
		};
/* End PBXCopyFilesBuildPhase section */

/* Begin PBXFileReference section */
		BEC6885F1AC8FC3E008D6EEC /* PlayThatSong.app */ = {isa = PBXFileReference; explicitFileType = wrapper.application; includeInIndex = 0; path = PlayThatSong.app; sourceTree = BUILT_PRODUCTS_DIR; };
		BEC688631AC8FC3E008D6EEC /* Info.plist */ = {isa = PBXFileReference; lastKnownFileType = text.plist.xml; path = Info.plist; sourceTree = "<group>"; };
		BEC688641AC8FC3E008D6EEC /* AppDelegate.swift */ = {isa = PBXFileReference; lastKnownFileType = sourcecode.swift; path = AppDelegate.swift; sourceTree = "<group>"; };
		BEC688661AC8FC3E008D6EEC /* ViewController.swift */ = {isa = PBXFileReference; lastKnownFileType = sourcecode.swift; path = ViewController.swift; sourceTree = "<group>"; };
		BEC688691AC8FC3E008D6EEC /* Base */ = {isa = PBXFileReference; lastKnownFileType = file.storyboard; name = Base; path = Base.lproj/Main.storyboard; sourceTree = "<group>"; };
		BEC6886B1AC8FC3E008D6EEC /* Images.xcassets */ = {isa = PBXFileReference; lastKnownFileType = folder.assetcatalog; path = Images.xcassets; sourceTree = "<group>"; };
		BEC6886E1AC8FC3E008D6EEC /* Base */ = {isa = PBXFileReference; lastKnownFileType = file.xib; name = Base; path = Base.lproj/LaunchScreen.xib; sourceTree = "<group>"; };
		BEC688741AC8FC3E008D6EEC /* PlayThatSongTests.xctest */ = {isa = PBXFileReference; explicitFileType = wrapper.cfbundle; includeInIndex = 0; path = PlayThatSongTests.xctest; sourceTree = BUILT_PRODUCTS_DIR; };
		BEC688791AC8FC3E008D6EEC /* Info.plist */ = {isa = PBXFileReference; lastKnownFileType = text.plist.xml; path = Info.plist; sourceTree = "<group>"; };
		BEC6887A1AC8FC3E008D6EEC /* PlayThatSongTests.swift */ = {isa = PBXFileReference; lastKnownFileType = sourcecode.swift; path = PlayThatSongTests.swift; sourceTree = "<group>"; };
		BEC688881AC8FC51008D6EEC /* PlayThatSong WatchKit Extension.appex */ = {isa = PBXFileReference; explicitFileType = "wrapper.app-extension"; includeInIndex = 0; path = "PlayThatSong WatchKit Extension.appex"; sourceTree = BUILT_PRODUCTS_DIR; };
		BEC6888B1AC8FC51008D6EEC /* Info.plist */ = {isa = PBXFileReference; lastKnownFileType = text.plist.xml; path = Info.plist; sourceTree = "<group>"; };
		BEC6888C1AC8FC51008D6EEC /* InterfaceController.swift */ = {isa = PBXFileReference; lastKnownFileType = sourcecode.swift; path = InterfaceController.swift; sourceTree = "<group>"; };
		BEC6888E1AC8FC51008D6EEC /* Images.xcassets */ = {isa = PBXFileReference; lastKnownFileType = folder.assetcatalog; path = Images.xcassets; sourceTree = "<group>"; };
		BEC688921AC8FC51008D6EEC /* PlayThatSong WatchKit App.app */ = {isa = PBXFileReference; explicitFileType = wrapper.application; includeInIndex = 0; path = "PlayThatSong WatchKit App.app"; sourceTree = BUILT_PRODUCTS_DIR; };
		BEC688981AC8FC51008D6EEC /* Info.plist */ = {isa = PBXFileReference; lastKnownFileType = text.plist.xml; path = Info.plist; sourceTree = "<group>"; };
		BEC6889A1AC8FC51008D6EEC /* Base */ = {isa = PBXFileReference; lastKnownFileType = file.storyboard; name = Base; path = Base.lproj/Interface.storyboard; sourceTree = "<group>"; };
		BEC6889C1AC8FC51008D6EEC /* Images.xcassets */ = {isa = PBXFileReference; lastKnownFileType = folder.assetcatalog; path = Images.xcassets; sourceTree = "<group>"; };
/* End PBXFileReference section */

/* Begin PBXFrameworksBuildPhase section */
		BEC6885C1AC8FC3E008D6EEC /* Frameworks */ = {
			isa = PBXFrameworksBuildPhase;
			buildActionMask = 2147483647;
			files = (
			);
			runOnlyForDeploymentPostprocessing = 0;
		};
		BEC688711AC8FC3E008D6EEC /* Frameworks */ = {
			isa = PBXFrameworksBuildPhase;
			buildActionMask = 2147483647;
			files = (
			);
			runOnlyForDeploymentPostprocessing = 0;
		};
		BEC688851AC8FC51008D6EEC /* Frameworks */ = {
			isa = PBXFrameworksBuildPhase;
			buildActionMask = 2147483647;
			files = (
			);
			runOnlyForDeploymentPostprocessing = 0;
		};
/* End PBXFrameworksBuildPhase section */

/* Begin PBXGroup section */
		BEC688561AC8FC3E008D6EEC = {
			isa = PBXGroup;
			children = (
				BEC688611AC8FC3E008D6EEC /* PlayThatSong */,
				BEC688771AC8FC3E008D6EEC /* PlayThatSongTests */,
				BEC688891AC8FC51008D6EEC /* PlayThatSong WatchKit Extension */,
				BEC688961AC8FC51008D6EEC /* PlayThatSong WatchKit App */,
				BEC688601AC8FC3E008D6EEC /* Products */,
			);
			sourceTree = "<group>";
		};
		BEC688601AC8FC3E008D6EEC /* Products */ = {
			isa = PBXGroup;
			children = (
				BEC6885F1AC8FC3E008D6EEC /* PlayThatSong.app */,
				BEC688741AC8FC3E008D6EEC /* PlayThatSongTests.xctest */,
				BEC688881AC8FC51008D6EEC /* PlayThatSong WatchKit Extension.appex */,
				BEC688921AC8FC51008D6EEC /* PlayThatSong WatchKit App.app */,
			);
			name = Products;
			sourceTree = "<group>";
		};
		BEC688611AC8FC3E008D6EEC /* PlayThatSong */ = {
			isa = PBXGroup;
			children = (
				BEC688641AC8FC3E008D6EEC /* AppDelegate.swift */,
				BEC688661AC8FC3E008D6EEC /* ViewController.swift */,
				BEC688681AC8FC3E008D6EEC /* Main.storyboard */,
				BEC6886B1AC8FC3E008D6EEC /* Images.xcassets */,
				BEC6886D1AC8FC3E008D6EEC /* LaunchScreen.xib */,
				BEC688621AC8FC3E008D6EEC /* Supporting Files */,
			);
			path = PlayThatSong;
			sourceTree = "<group>";
		};
		BEC688621AC8FC3E008D6EEC /* Supporting Files */ = {
			isa = PBXGroup;
			children = (
				BEC688631AC8FC3E008D6EEC /* Info.plist */,
			);
			name = "Supporting Files";
			sourceTree = "<group>";
		};
		BEC688771AC8FC3E008D6EEC /* PlayThatSongTests */ = {
			isa = PBXGroup;
			children = (
				BEC6887A1AC8FC3E008D6EEC /* PlayThatSongTests.swift */,
				BEC688781AC8FC3E008D6EEC /* Supporting Files */,
			);
			path = PlayThatSongTests;
			sourceTree = "<group>";
		};
		BEC688781AC8FC3E008D6EEC /* Supporting Files */ = {
			isa = PBXGroup;
			children = (
				BEC688791AC8FC3E008D6EEC /* Info.plist */,
			);
			name = "Supporting Files";
			sourceTree = "<group>";
		};
		BEC688891AC8FC51008D6EEC /* PlayThatSong WatchKit Extension */ = {
			isa = PBXGroup;
			children = (
				BEC6888C1AC8FC51008D6EEC /* InterfaceController.swift */,
				BEC6888E1AC8FC51008D6EEC /* Images.xcassets */,
				BEC6888A1AC8FC51008D6EEC /* Supporting Files */,
			);
			path = "PlayThatSong WatchKit Extension";
			sourceTree = "<group>";
		};
		BEC6888A1AC8FC51008D6EEC /* Supporting Files */ = {
			isa = PBXGroup;
			children = (
				BEC6888B1AC8FC51008D6EEC /* Info.plist */,
			);
			name = "Supporting Files";
			sourceTree = "<group>";
		};
		BEC688961AC8FC51008D6EEC /* PlayThatSong WatchKit App */ = {
			isa = PBXGroup;
			children = (
				BEC688991AC8FC51008D6EEC /* Interface.storyboard */,
				BEC6889C1AC8FC51008D6EEC /* Images.xcassets */,
				BEC688971AC8FC51008D6EEC /* Supporting Files */,
			);
			path = "PlayThatSong WatchKit App";
			sourceTree = "<group>";
		};
		BEC688971AC8FC51008D6EEC /* Supporting Files */ = {
			isa = PBXGroup;
			children = (
				BEC688981AC8FC51008D6EEC /* Info.plist */,
			);
			name = "Supporting Files";
			sourceTree = "<group>";
		};
/* End PBXGroup section */

/* Begin PBXNativeTarget section */
		BEC6885E1AC8FC3E008D6EEC /* PlayThatSong */ = {
			isa = PBXNativeTarget;
			buildConfigurationList = BEC6887E1AC8FC3E008D6EEC /* Build configuration list for PBXNativeTarget "PlayThatSong" */;
			buildPhases = (
				BEC6885B1AC8FC3E008D6EEC /* Sources */,
				BEC6885C1AC8FC3E008D6EEC /* Frameworks */,
				BEC6885D1AC8FC3E008D6EEC /* Resources */,
				BEC688A71AC8FC51008D6EEC /* Embed App Extensions */,
			);
			buildRules = (
			);
			dependencies = (
				BEC6889F1AC8FC51008D6EEC /* PBXTargetDependency */,
			);
			name = PlayThatSong;
			productName = PlayThatSong;
			productReference = BEC6885F1AC8FC3E008D6EEC /* PlayThatSong.app */;
			productType = "com.apple.product-type.application";
		};
		BEC688731AC8FC3E008D6EEC /* PlayThatSongTests */ = {
			isa = PBXNativeTarget;
			buildConfigurationList = BEC688811AC8FC3E008D6EEC /* Build configuration list for PBXNativeTarget "PlayThatSongTests" */;
			buildPhases = (
				BEC688701AC8FC3E008D6EEC /* Sources */,
				BEC688711AC8FC3E008D6EEC /* Frameworks */,
				BEC688721AC8FC3E008D6EEC /* Resources */,
			);
			buildRules = (
			);
			dependencies = (
				BEC688761AC8FC3E008D6EEC /* PBXTargetDependency */,
			);
			name = PlayThatSongTests;
			productName = PlayThatSongTests;
			productReference = BEC688741AC8FC3E008D6EEC /* PlayThatSongTests.xctest */;
			productType = "com.apple.product-type.bundle.unit-test";
		};
		BEC688871AC8FC51008D6EEC /* PlayThatSong WatchKit Extension */ = {
			isa = PBXNativeTarget;
			buildConfigurationList = BEC688A41AC8FC51008D6EEC /* Build configuration list for PBXNativeTarget "PlayThatSong WatchKit Extension" */;
			buildPhases = (
				BEC688841AC8FC51008D6EEC /* Sources */,
				BEC688851AC8FC51008D6EEC /* Frameworks */,
				BEC688861AC8FC51008D6EEC /* Resources */,
			);
			buildRules = (
			);
			dependencies = (
				BEC688951AC8FC51008D6EEC /* PBXTargetDependency */,
			);
			name = "PlayThatSong WatchKit Extension";
			productName = "PlayThatSong WatchKit Extension";
			productReference = BEC688881AC8FC51008D6EEC /* PlayThatSong WatchKit Extension.appex */;
			productType = "com.apple.product-type.watchkit-extension";
		};
		BEC688911AC8FC51008D6EEC /* PlayThatSong WatchKit App */ = {
			isa = PBXNativeTarget;
			buildConfigurationList = BEC688A11AC8FC51008D6EEC /* Build configuration list for PBXNativeTarget "PlayThatSong WatchKit App" */;
			buildPhases = (
				BEC688901AC8FC51008D6EEC /* Resources */,
			);
			buildRules = (
			);
			dependencies = (
			);
			name = "PlayThatSong WatchKit App";
			productName = "PlayThatSong WatchKit App";
			productReference = BEC688921AC8FC51008D6EEC /* PlayThatSong WatchKit App.app */;
			productType = "com.apple.product-type.application.watchapp";
		};
/* End PBXNativeTarget section */

/* Begin PBXProject section */
		BEC688571AC8FC3E008D6EEC /* Project object */ = {
			isa = PBXProject;
			attributes = {
				LastUpgradeCheck = 0620;
				ORGANIZATIONNAME = "Kenneth Wilcox";
				TargetAttributes = {
					BEC6885E1AC8FC3E008D6EEC = {
						CreatedOnToolsVersion = 6.2;
					};
					BEC688731AC8FC3E008D6EEC = {
						CreatedOnToolsVersion = 6.2;
						TestTargetID = BEC6885E1AC8FC3E008D6EEC;
					};
					BEC688871AC8FC51008D6EEC = {
						CreatedOnToolsVersion = 6.2;
					};
					BEC688911AC8FC51008D6EEC = {
						CreatedOnToolsVersion = 6.2;
					};
				};
			};
			buildConfigurationList = BEC6885A1AC8FC3E008D6EEC /* Build configuration list for PBXProject "PlayThatSong" */;
			compatibilityVersion = "Xcode 3.2";
			developmentRegion = English;
			hasScannedForEncodings = 0;
			knownRegions = (
				en,
				Base,
			);
			mainGroup = BEC688561AC8FC3E008D6EEC;
			productRefGroup = BEC688601AC8FC3E008D6EEC /* Products */;
			projectDirPath = "";
			projectRoot = "";
			targets = (
				BEC6885E1AC8FC3E008D6EEC /* PlayThatSong */,
				BEC688731AC8FC3E008D6EEC /* PlayThatSongTests */,
				BEC688871AC8FC51008D6EEC /* PlayThatSong WatchKit Extension */,
				BEC688911AC8FC51008D6EEC /* PlayThatSong WatchKit App */,
			);
		};
/* End PBXProject section */

/* Begin PBXResourcesBuildPhase section */
		BEC6885D1AC8FC3E008D6EEC /* Resources */ = {
			isa = PBXResourcesBuildPhase;
			buildActionMask = 2147483647;
			files = (
				BEC6886A1AC8FC3E008D6EEC /* Main.storyboard in Resources */,
				BEC6886F1AC8FC3E008D6EEC /* LaunchScreen.xib in Resources */,
				BEC6886C1AC8FC3E008D6EEC /* Images.xcassets in Resources */,
			);
			runOnlyForDeploymentPostprocessing = 0;
		};
		BEC688721AC8FC3E008D6EEC /* Resources */ = {
			isa = PBXResourcesBuildPhase;
			buildActionMask = 2147483647;
			files = (
			);
			runOnlyForDeploymentPostprocessing = 0;
		};
		BEC688861AC8FC51008D6EEC /* Resources */ = {
			isa = PBXResourcesBuildPhase;
			buildActionMask = 2147483647;
			files = (
				BEC688931AC8FC51008D6EEC /* PlayThatSong WatchKit App.app in Resources */,
				BEC6888F1AC8FC51008D6EEC /* Images.xcassets in Resources */,
			);
			runOnlyForDeploymentPostprocessing = 0;
		};
		BEC688901AC8FC51008D6EEC /* Resources */ = {
			isa = PBXResourcesBuildPhase;
			buildActionMask = 2147483647;
			files = (
				BEC6889B1AC8FC51008D6EEC /* Interface.storyboard in Resources */,
				BEC6889D1AC8FC51008D6EEC /* Images.xcassets in Resources */,
			);
			runOnlyForDeploymentPostprocessing = 0;
		};
/* End PBXResourcesBuildPhase section */

/* Begin PBXSourcesBuildPhase section */
		BEC6885B1AC8FC3E008D6EEC /* Sources */ = {
			isa = PBXSourcesBuildPhase;
			buildActionMask = 2147483647;
			files = (
				BEC688671AC8FC3E008D6EEC /* ViewController.swift in Sources */,
				BEC688651AC8FC3E008D6EEC /* AppDelegate.swift in Sources */,
			);
			runOnlyForDeploymentPostprocessing = 0;
		};
		BEC688701AC8FC3E008D6EEC /* Sources */ = {
			isa = PBXSourcesBuildPhase;
			buildActionMask = 2147483647;
			files = (
				BEC6887B1AC8FC3E008D6EEC /* PlayThatSongTests.swift in Sources */,
			);
			runOnlyForDeploymentPostprocessing = 0;
		};
		BEC688841AC8FC51008D6EEC /* Sources */ = {
			isa = PBXSourcesBuildPhase;
			buildActionMask = 2147483647;
			files = (
				BEC6888D1AC8FC51008D6EEC /* InterfaceController.swift in Sources */,
			);
			runOnlyForDeploymentPostprocessing = 0;
		};
/* End PBXSourcesBuildPhase section */

/* Begin PBXTargetDependency section */
		BEC688761AC8FC3E008D6EEC /* PBXTargetDependency */ = {
			isa = PBXTargetDependency;
			target = BEC6885E1AC8FC3E008D6EEC /* PlayThatSong */;
			targetProxy = BEC688751AC8FC3E008D6EEC /* PBXContainerItemProxy */;
		};
		BEC688951AC8FC51008D6EEC /* PBXTargetDependency */ = {
			isa = PBXTargetDependency;
			target = BEC688911AC8FC51008D6EEC /* PlayThatSong WatchKit App */;
			targetProxy = BEC688941AC8FC51008D6EEC /* PBXContainerItemProxy */;
		};
		BEC6889F1AC8FC51008D6EEC /* PBXTargetDependency */ = {
			isa = PBXTargetDependency;
			target = BEC688871AC8FC51008D6EEC /* PlayThatSong WatchKit Extension */;
			targetProxy = BEC6889E1AC8FC51008D6EEC /* PBXContainerItemProxy */;
		};
/* End PBXTargetDependency section */

/* Begin PBXVariantGroup section */
		BEC688681AC8FC3E008D6EEC /* Main.storyboard */ = {
			isa = PBXVariantGroup;
			children = (
				BEC688691AC8FC3E008D6EEC /* Base */,
			);
			name = Main.storyboard;
			sourceTree = "<group>";
		};
		BEC6886D1AC8FC3E008D6EEC /* LaunchScreen.xib */ = {
			isa = PBXVariantGroup;
			children = (
				BEC6886E1AC8FC3E008D6EEC /* Base */,
			);
			name = LaunchScreen.xib;
			sourceTree = "<group>";
		};
		BEC688991AC8FC51008D6EEC /* Interface.storyboard */ = {
			isa = PBXVariantGroup;
			children = (
				BEC6889A1AC8FC51008D6EEC /* Base */,
			);
			name = Interface.storyboard;
			sourceTree = "<group>";
		};
/* End PBXVariantGroup section */

/* Begin XCBuildConfiguration section */
		BEC6887C1AC8FC3E008D6EEC /* Debug */ = {
			isa = XCBuildConfiguration;
			buildSettings = {
				ALWAYS_SEARCH_USER_PATHS = NO;
				CLANG_CXX_LANGUAGE_STANDARD = "gnu++0x";
				CLANG_CXX_LIBRARY = "libc++";
				CLANG_ENABLE_MODULES = YES;
				CLANG_ENABLE_OBJC_ARC = YES;
				CLANG_WARN_BOOL_CONVERSION = YES;
				CLANG_WARN_CONSTANT_CONVERSION = YES;
				CLANG_WARN_DIRECT_OBJC_ISA_USAGE = YES_ERROR;
				CLANG_WARN_EMPTY_BODY = YES;
				CLANG_WARN_ENUM_CONVERSION = YES;
				CLANG_WARN_INT_CONVERSION = YES;
				CLANG_WARN_OBJC_ROOT_CLASS = YES_ERROR;
				CLANG_WARN_UNREACHABLE_CODE = YES;
				CLANG_WARN__DUPLICATE_METHOD_MATCH = YES;
				"CODE_SIGN_IDENTITY[sdk=iphoneos*]" = "iPhone Developer";
				COPY_PHASE_STRIP = NO;
				ENABLE_STRICT_OBJC_MSGSEND = YES;
				GCC_C_LANGUAGE_STANDARD = gnu99;
				GCC_DYNAMIC_NO_PIC = NO;
				GCC_OPTIMIZATION_LEVEL = 0;
				GCC_PREPROCESSOR_DEFINITIONS = (
					"DEBUG=1",
					"$(inherited)",
				);
				GCC_SYMBOLS_PRIVATE_EXTERN = NO;
				GCC_WARN_64_TO_32_BIT_CONVERSION = YES;
				GCC_WARN_ABOUT_RETURN_TYPE = YES_ERROR;
				GCC_WARN_UNDECLARED_SELECTOR = YES;
				GCC_WARN_UNINITIALIZED_AUTOS = YES_AGGRESSIVE;
				GCC_WARN_UNUSED_FUNCTION = YES;
				GCC_WARN_UNUSED_VARIABLE = YES;
				IPHONEOS_DEPLOYMENT_TARGET = 8.2;
				MTL_ENABLE_DEBUG_INFO = YES;
				ONLY_ACTIVE_ARCH = YES;
				SDKROOT = iphoneos;
				SWIFT_OPTIMIZATION_LEVEL = "-Onone";
				TARGETED_DEVICE_FAMILY = "1,2";
			};
			name = Debug;
		};
		BEC6887D1AC8FC3E008D6EEC /* Release */ = {
			isa = XCBuildConfiguration;
			buildSettings = {
				ALWAYS_SEARCH_USER_PATHS = NO;
				CLANG_CXX_LANGUAGE_STANDARD = "gnu++0x";
				CLANG_CXX_LIBRARY = "libc++";
				CLANG_ENABLE_MODULES = YES;
				CLANG_ENABLE_OBJC_ARC = YES;
				CLANG_WARN_BOOL_CONVERSION = YES;
				CLANG_WARN_CONSTANT_CONVERSION = YES;
				CLANG_WARN_DIRECT_OBJC_ISA_USAGE = YES_ERROR;
				CLANG_WARN_EMPTY_BODY = YES;
				CLANG_WARN_ENUM_CONVERSION = YES;
				CLANG_WARN_INT_CONVERSION = YES;
				CLANG_WARN_OBJC_ROOT_CLASS = YES_ERROR;
				CLANG_WARN_UNREACHABLE_CODE = YES;
				CLANG_WARN__DUPLICATE_METHOD_MATCH = YES;
				"CODE_SIGN_IDENTITY[sdk=iphoneos*]" = "iPhone Developer";
				COPY_PHASE_STRIP = NO;
				ENABLE_NS_ASSERTIONS = NO;
				ENABLE_STRICT_OBJC_MSGSEND = YES;
				GCC_C_LANGUAGE_STANDARD = gnu99;
				GCC_WARN_64_TO_32_BIT_CONVERSION = YES;
				GCC_WARN_ABOUT_RETURN_TYPE = YES_ERROR;
				GCC_WARN_UNDECLARED_SELECTOR = YES;
				GCC_WARN_UNINITIALIZED_AUTOS = YES_AGGRESSIVE;
				GCC_WARN_UNUSED_FUNCTION = YES;
				GCC_WARN_UNUSED_VARIABLE = YES;
				IPHONEOS_DEPLOYMENT_TARGET = 8.2;
				MTL_ENABLE_DEBUG_INFO = NO;
				SDKROOT = iphoneos;
				TARGETED_DEVICE_FAMILY = "1,2";
				VALIDATE_PRODUCT = YES;
			};
			name = Release;
		};
		BEC6887F1AC8FC3E008D6EEC /* Debug */ = {
			isa = XCBuildConfiguration;
			buildSettings = {
				ASSETCATALOG_COMPILER_APPICON_NAME = AppIcon;
				EMBEDDED_CONTENT_CONTAINS_SWIFT = YES;
				INFOPLIST_FILE = PlayThatSong/Info.plist;
				LD_RUNPATH_SEARCH_PATHS = "$(inherited) @executable_path/Frameworks";
				PRODUCT_NAME = "$(TARGET_NAME)";
			};
			name = Debug;
		};
		BEC688801AC8FC3E008D6EEC /* Release */ = {
			isa = XCBuildConfiguration;
			buildSettings = {
				ASSETCATALOG_COMPILER_APPICON_NAME = AppIcon;
				EMBEDDED_CONTENT_CONTAINS_SWIFT = YES;
				INFOPLIST_FILE = PlayThatSong/Info.plist;
				LD_RUNPATH_SEARCH_PATHS = "$(inherited) @executable_path/Frameworks";
				PRODUCT_NAME = "$(TARGET_NAME)";
			};
			name = Release;
		};
		BEC688821AC8FC3E008D6EEC /* Debug */ = {
			isa = XCBuildConfiguration;
			buildSettings = {
				BUNDLE_LOADER = "$(TEST_HOST)";
				FRAMEWORK_SEARCH_PATHS = (
					"$(SDKROOT)/Developer/Library/Frameworks",
					"$(inherited)",
				);
				GCC_PREPROCESSOR_DEFINITIONS = (
					"DEBUG=1",
					"$(inherited)",
				);
				INFOPLIST_FILE = PlayThatSongTests/Info.plist;
				LD_RUNPATH_SEARCH_PATHS = "$(inherited) @executable_path/Frameworks @loader_path/Frameworks";
				PRODUCT_NAME = "$(TARGET_NAME)";
				TEST_HOST = "$(BUILT_PRODUCTS_DIR)/PlayThatSong.app/PlayThatSong";
			};
			name = Debug;
		};
		BEC688831AC8FC3E008D6EEC /* Release */ = {
			isa = XCBuildConfiguration;
			buildSettings = {
				BUNDLE_LOADER = "$(TEST_HOST)";
				FRAMEWORK_SEARCH_PATHS = (
					"$(SDKROOT)/Developer/Library/Frameworks",
					"$(inherited)",
				);
				INFOPLIST_FILE = PlayThatSongTests/Info.plist;
				LD_RUNPATH_SEARCH_PATHS = "$(inherited) @executable_path/Frameworks @loader_path/Frameworks";
				PRODUCT_NAME = "$(TARGET_NAME)";
				TEST_HOST = "$(BUILT_PRODUCTS_DIR)/PlayThatSong.app/PlayThatSong";
			};
			name = Release;
		};
		BEC688A21AC8FC51008D6EEC /* Debug */ = {
			isa = XCBuildConfiguration;
			buildSettings = {
				ASSETCATALOG_COMPILER_APPICON_NAME = AppIcon;
				GCC_PREPROCESSOR_DEFINITIONS = (
					"DEBUG=1",
					"$(inherited)",
				);
				IBSC_MODULE = PlayThatSong_WatchKit_Extension;
				INFOPLIST_FILE = "PlayThatSong WatchKit App/Info.plist";
				PRODUCT_NAME = "$(TARGET_NAME)";
				SKIP_INSTALL = YES;
				TARGETED_DEVICE_FAMILY = 4;
				"TARGETED_DEVICE_FAMILY[sdk=iphonesimulator*]" = "1,4";
			};
			name = Debug;
		};
		BEC688A31AC8FC51008D6EEC /* Release */ = {
			isa = XCBuildConfiguration;
			buildSettings = {
				ASSETCATALOG_COMPILER_APPICON_NAME = AppIcon;
				IBSC_MODULE = PlayThatSong_WatchKit_Extension;
				INFOPLIST_FILE = "PlayThatSong WatchKit App/Info.plist";
				PRODUCT_NAME = "$(TARGET_NAME)";
				SKIP_INSTALL = YES;
				TARGETED_DEVICE_FAMILY = 4;
				"TARGETED_DEVICE_FAMILY[sdk=iphonesimulator*]" = "1,4";
			};
			name = Release;
		};
		BEC688A51AC8FC51008D6EEC /* Debug */ = {
			isa = XCBuildConfiguration;
			buildSettings = {
				GCC_PREPROCESSOR_DEFINITIONS = (
					"DEBUG=1",
					"$(inherited)",
				);
				INFOPLIST_FILE = "PlayThatSong WatchKit Extension/Info.plist";
				LD_RUNPATH_SEARCH_PATHS = "$(inherited) @executable_path/Frameworks @executable_path/../../Frameworks";
				PRODUCT_NAME = "${TARGET_NAME}";
				SKIP_INSTALL = YES;
			};
			name = Debug;
		};
		BEC688A61AC8FC51008D6EEC /* Release */ = {
			isa = XCBuildConfiguration;
			buildSettings = {
				INFOPLIST_FILE = "PlayThatSong WatchKit Extension/Info.plist";
				LD_RUNPATH_SEARCH_PATHS = "$(inherited) @executable_path/Frameworks @executable_path/../../Frameworks";
				PRODUCT_NAME = "${TARGET_NAME}";
				SKIP_INSTALL = YES;
			};
			name = Release;
		};
/* End XCBuildConfiguration section */

/* Begin XCConfigurationList section */
		BEC6885A1AC8FC3E008D6EEC /* Build configuration list for PBXProject "PlayThatSong" */ = {
			isa = XCConfigurationList;
			buildConfigurations = (
				BEC6887C1AC8FC3E008D6EEC /* Debug */,
				BEC6887D1AC8FC3E008D6EEC /* Release */,
			);
			defaultConfigurationIsVisible = 0;
			defaultConfigurationName = Release;
		};
		BEC6887E1AC8FC3E008D6EEC /* Build configuration list for PBXNativeTarget "PlayThatSong" */ = {
			isa = XCConfigurationList;
			buildConfigurations = (
				BEC6887F1AC8FC3E008D6EEC /* Debug */,
				BEC688801AC8FC3E008D6EEC /* Release */,
			);
			defaultConfigurationIsVisible = 0;
		};
		BEC688811AC8FC3E008D6EEC /* Build configuration list for PBXNativeTarget "PlayThatSongTests" */ = {
			isa = XCConfigurationList;
			buildConfigurations = (
				BEC688821AC8FC3E008D6EEC /* Debug */,
				BEC688831AC8FC3E008D6EEC /* Release */,
			);
			defaultConfigurationIsVisible = 0;
		};
		BEC688A11AC8FC51008D6EEC /* Build configuration list for PBXNativeTarget "PlayThatSong WatchKit App" */ = {
			isa = XCConfigurationList;
			buildConfigurations = (
				BEC688A21AC8FC51008D6EEC /* Debug */,
				BEC688A31AC8FC51008D6EEC /* Release */,
			);
			defaultConfigurationIsVisible = 0;
		};
		BEC688A41AC8FC51008D6EEC /* Build configuration list for PBXNativeTarget "PlayThatSong WatchKit Extension" */ = {
			isa = XCConfigurationList;
			buildConfigurations = (
				BEC688A51AC8FC51008D6EEC /* Debug */,
				BEC688A61AC8FC51008D6EEC /* Release */,
			);
			defaultConfigurationIsVisible = 0;
		};
/* End XCConfigurationList section */
	};
	rootObject = BEC688571AC8FC3E008D6EEC /* Project object */;
}
